{
  "name": "@fracsi/tanstack-schema",
  "version": "0.0.1",
  "lockfileVersion": 3,
  "requires": true,
  "packages": {
    "": {
      "name": "@fracsi/tanstack-schema",
      "version": "0.0.1",
      "dependencies": {
        "@tanstack/react-form": "^0.19.5"
      }
    },
    "node_modules/@tanstack/form-core": {
      "version": "0.19.5",
      "resolved": "https://registry.npmjs.org/@tanstack/form-core/-/form-core-0.19.5.tgz",
      "integrity": "sha512-2ocFAnWTY3sxXemJvKArllnPNMmo9LkviSX88iUXcaClKutvJLfAc+a/lM00zhDKY9G3abXuZCp1OvGmeagszA==",
      "dependencies": {
        "@tanstack/store": "^0.3.1"
      },
      "funding": {
        "type": "github",
        "url": "https://github.com/sponsors/tannerlinsley"
      }
    },
    "node_modules/@tanstack/react-form": {
      "version": "0.19.5",
      "resolved": "https://registry.npmjs.org/@tanstack/react-form/-/react-form-0.19.5.tgz",
      "integrity": "sha512-tvuc++2aBt3vEDtHmDlFJYiynPBZ1S6MPGdG8Zs0rNEBNM3VT1khiafXTzPoWpmI6TIfyD/JBuWizFxty7aCIA==",
      "dependencies": {
        "@tanstack/form-core": "0.19.5",
        "@tanstack/react-store": "^0.3.1",
        "decode-formdata": "^0.4.0",
        "rehackt": "^0.0.3"
      },
      "funding": {
        "type": "github",
        "url": "https://github.com/sponsors/tannerlinsley"
      },
      "peerDependencies": {
        "react": "^17.0.0 || ^18.0.0"
      }
    },
    "node_modules/@tanstack/react-store": {
      "version": "0.3.1",
      "resolved": "https://registry.npmjs.org/@tanstack/react-store/-/react-store-0.3.1.tgz",
      "integrity": "sha512-PfV271d345It6FdcX4c9gd+llKGddtvau8iJnybTAWmYVyDeFWfIIkiAJ5iNITJmI02AzqgtcV3QLNBBlpBUjA==",
      "dependencies": {
        "@tanstack/store": "0.3.1",
        "use-sync-external-store": "^1.2.0"
      },
      "funding": {
        "type": "github",
        "url": "https://github.com/sponsors/tannerlinsley"
      },
      "peerDependencies": {
        "react": "^17.0.0 || ^18.0.0",
        "react-dom": "^17.0.0 || ^18.0.0"
      }
    },
    "node_modules/@tanstack/store": {
      "version": "0.3.1",
      "resolved": "https://registry.npmjs.org/@tanstack/store/-/store-0.3.1.tgz",
      "integrity": "sha512-A49KN8SpLMWaNmZGPa9K982RQ81W+m7W6iStcQVeKeVS70JZRqkF0fDwKByREPq6qz9/kS0aQFOPQ0W6wIeU5g==",
      "funding": {
        "type": "github",
        "url": "https://github.com/sponsors/tannerlinsley"
      }
    },
    "node_modules/decode-formdata": {
      "version": "0.4.0",
      "resolved": "https://registry.npmjs.org/decode-formdata/-/decode-formdata-0.4.0.tgz",
      "integrity": "sha512-/OMUlsRLrSgHPOWCwembsFFTT4DY7Ts9GGlwK8v9yeLOyYZSPKIfn/1oOuV9UmpQ9CZi5JeyT8edunRoBOOl5g=="
    },
    "node_modules/js-tokens": {
      "version": "4.0.0",
      "resolved": "https://registry.npmjs.org/js-tokens/-/js-tokens-4.0.0.tgz",
      "integrity": "sha512-RdJUflcE3cUzKiMqQgsCu06FPu9UdIJO0beYbPhHN4k6apgJtifcoCtT9bcxOpYBtpD2kCM6Sbzg4CausW/PKQ==",
      "peer": true
    },
    "node_modules/loose-envify": {
      "version": "1.4.0",
      "resolved": "https://registry.npmjs.org/loose-envify/-/loose-envify-1.4.0.tgz",
      "integrity": "sha512-lyuxPGr/Wfhrlem2CL/UcnUc1zcqKAImBDzukY7Y5F/yQiNdko6+fRLevlw1HgMySw7f611UIY408EtxRSoK3Q==",
      "peer": true,
      "dependencies": {
        "js-tokens": "^3.0.0 || ^4.0.0"
      },
      "bin": {
        "loose-envify": "cli.js"
      }
    },
    "node_modules/react": {
      "version": "18.3.1",
      "resolved": "https://registry.npmjs.org/react/-/react-18.3.1.tgz",
      "integrity": "sha512-wS+hAgJShR0KhEvPJArfuPVN1+Hz1t0Y6n5jLrGQbkb4urgPE/0Rve+1kMB1v/oWgHgm4WIcV+i7F2pTVj+2iQ==",
      "peer": true,
      "dependencies": {
        "loose-envify": "^1.1.0"
      },
      "engines": {
        "node": ">=0.10.0"
      }
    },
    "node_modules/react-dom": {
      "version": "18.3.1",
      "resolved": "https://registry.npmjs.org/react-dom/-/react-dom-18.3.1.tgz",
      "integrity": "sha512-5m4nQKp+rZRb09LNH59GM4BxTh9251/ylbKIbpe7TpGxfJ+9kv6BLkLBXIjjspbgbnIBNqlI23tRnTWT0snUIw==",
      "peer": true,
      "dependencies": {
        "loose-envify": "^1.1.0",
        "scheduler": "^0.23.2"
      },
      "peerDependencies": {
        "react": "^18.3.1"
      }
    },
    "node_modules/rehackt": {
      "version": "0.0.3",
      "resolved": "https://registry.npmjs.org/rehackt/-/rehackt-0.0.3.tgz",
      "integrity": "sha512-aBRHudKhOWwsTvCbSoinzq+Lej/7R8e8UoPvLZo5HirZIIBLGAgdG7SL9QpdcBoQ7+3QYPi3lRLknAzXBlhZ7g==",
      "peerDependencies": {
        "@types/react": "*",
        "react": "*"
      },
      "peerDependenciesMeta": {
        "@types/react": {
          "optional": true
        },
        "react": {
          "optional": true
        }
      }
    },
    "node_modules/scheduler": {
      "version": "0.23.2",
      "resolved": "https://registry.npmjs.org/scheduler/-/scheduler-0.23.2.tgz",
      "integrity": "sha512-UOShsPwz7NrMUqhR6t0hWjFduvOzbtv7toDH1/hIrfRNIDBnnBWd0CwJTGvTpngVlmwGCdP9/Zl/tVrDqcuYzQ==",
      "peer": true,
      "dependencies": {
        "loose-envify": "^1.1.0"
      }
    },
    "node_modules/use-sync-external-store": {
      "version": "1.2.2",
      "resolved": "https://registry.npmjs.org/use-sync-external-store/-/use-sync-external-store-1.2.2.tgz",
      "integrity": "sha512-PElTlVMwpblvbNqQ82d2n6RjStvdSoNe9FG28kNfz3WiXilJm4DdNkEzRhCZuIDwY8U08WVihhGR5iRqAwfDiw==",
      "peerDependencies": {
        "react": "^16.8.0 || ^17.0.0 || ^18.0.0"
      }
    }
  }
}
